
Microsoft Visual Studio Solution File, Format Version 12.00
# Visual Studio Version 17
VisualStudioVersion = 17.2.32602.215
MinimumVisualStudioVersion = 10.0.40219.1
Project("{FAE04EC0-301F-11D3-BF4B-00C04F79EFBC}") = "XmlReader", "XmlReader\XmlReader.csproj", "{0E145A26-709D-4466-9B60-2210B6902901}"
EndProject
Global
	GlobalSection(SolutionConfigurationPlatforms) = preSolution
		Debug|Any CPU = Debug|Any CPU
		Release|Any CPU = Release|Any CPU
	EndGlobalSection
	GlobalSection(ProjectConfigurationPlatforms) = postSolution
		{0E145A26-709D-4466-9B60-2210B6902901}.Debug|Any CPU.ActiveCfg = Debug|Any CPU
		{0E145A26-709D-4466-9B60-2210B6902901}.Debug|Any CPU.Build.0 = Debug|Any CPU
		{0E145A26-709D-4466-9B60-2210B6902901}.Release|Any CPU.ActiveCfg = Release|Any CPU
		{0E145A26-709D-4466-9B60-2210B6902901}.Release|Any CPU.Build.0 = Release|Any CPU
	EndGlobalSection
	GlobalSection(SolutionProperties) = preSolution
		HideSolutionNode = FALSE
	EndGlobalSection
	GlobalSection(ExtensibilityGlobals) = postSolution
		SolutionGuid = {C0AAD312-6BD7-4799-85D9-2818C0695736}
	EndGlobalSection
EndGlobal
